
Microsoft Visual Studio Solution File, Format Version 12.00
# Visual Studio Version 16
VisualStudioVersion = 16.0.30611.23
MinimumVisualStudioVersion = 10.0.40219.1
Project("{FAE04EC0-301F-11D3-BF4B-00C04F79EFBC}") = "MramUwpfLibrary.ExposureRatingModel", "MramUwpfLibrary.ExposureRatingModel.csproj", "{6E483520-1D7F-48E7-AFBA-461F4A3C8D29}"
EndProject
Global
	GlobalSection(SolutionConfigurationPlatforms) = preSolution
		Debug|Any CPU = Debug|Any CPU
		Release|Any CPU = Release|Any CPU
	EndGlobalSection
	GlobalSection(ProjectConfigurationPlatforms) = postSolution
		{6E483520-1D7F-48E7-AFBA-461F4A3C8D29}.Debug|Any CPU.ActiveCfg = Debug|Any CPU
		{6E483520-1D7F-48E7-AFBA-461F4A3C8D29}.Debug|Any CPU.Build.0 = Debug|Any CPU
		{6E483520-1D7F-48E7-AFBA-461F4A3C8D29}.Release|Any CPU.ActiveCfg = Release|Any CPU
		{6E483520-1D7F-48E7-AFBA-461F4A3C8D29}.Release|Any CPU.Build.0 = Release|Any CPU
	EndGlobalSection
	GlobalSection(SolutionProperties) = preSolution
		HideSolutionNode = FALSE
	EndGlobalSection
	GlobalSection(ExtensibilityGlobals) = postSolution
		SolutionGuid = {A0D18A0D-3AA1-49EC-B8FB-CF0870190A1A}
	EndGlobalSection
	GlobalSection(TeamFoundationVersionControl) = preSolution
		SccNumberOfProjects = 2
		SccEnterpriseProvider = {4CA58AB2-18FA-4F8D-95D4-32DDF27D184C}
		SccTeamFoundationServer = https://munichre-na.visualstudio.com/defaultcollection
		SccProjectUniqueName0 = MramUwpfLibrary.ExposureRatingModel.csproj
		SccLocalPath0 = .
		SccLocalPath1 = .
	EndGlobalSection
EndGlobal
